
Microsoft Visual Studio Solution File, Format Version 12.00
# Visual Studio Version 16
VisualStudioVersion = 16.0.29609.76
MinimumVisualStudioVersion = 10.0.40219.1
Project("{FAE04EC0-301F-11D3-BF4B-00C04F79EFBC}") = "LibreriaApi", "LibreriaApi\LibreriaApi.csproj", "{3B9E14CD-11A9-491E-AE0A-CF88AE7039FC}"
EndProject
Global
	GlobalSection(SolutionConfigurationPlatforms) = preSolution
		Debug|Any CPU = Debug|Any CPU
		Release|Any CPU = Release|Any CPU
	EndGlobalSection
	GlobalSection(ProjectConfigurationPlatforms) = postSolution
		{3B9E14CD-11A9-491E-AE0A-CF88AE7039FC}.Debug|Any CPU.ActiveCfg = Debug|Any CPU
		{3B9E14CD-11A9-491E-AE0A-CF88AE7039FC}.Debug|Any CPU.Build.0 = Debug|Any CPU
		{3B9E14CD-11A9-491E-AE0A-CF88AE7039FC}.Release|Any CPU.ActiveCfg = Release|Any CPU
		{3B9E14CD-11A9-491E-AE0A-CF88AE7039FC}.Release|Any CPU.Build.0 = Release|Any CPU
	EndGlobalSection
	GlobalSection(SolutionProperties) = preSolution
		HideSolutionNode = FALSE
	EndGlobalSection
	GlobalSection(ExtensibilityGlobals) = postSolution
		SolutionGuid = {456DCEA1-F538-47B1-BB16-0513E48E6F60}
	EndGlobalSection
EndGlobal
